
Microsoft Visual Studio Solution File, Format Version 12.00
# Visual Studio Version 17
VisualStudioVersion = 17.13.35931.197 d17.13
MinimumVisualStudioVersion = 10.0.40219.1
Project("{FAE04EC0-301F-11D3-BF4B-00C04F79EFBC}") = "LigaPro2025", "LigaPro2025\LigaPro2025.csproj", "{767FD4EF-7205-4C2C-BDFD-2D3731108AED}"
EndProject
Global
	GlobalSection(SolutionConfigurationPlatforms) = preSolution
		Debug|Any CPU = Debug|Any CPU
		Release|Any CPU = Release|Any CPU
	EndGlobalSection
	GlobalSection(ProjectConfigurationPlatforms) = postSolution
		{767FD4EF-7205-4C2C-BDFD-2D3731108AED}.Debug|Any CPU.ActiveCfg = Debug|Any CPU
		{767FD4EF-7205-4C2C-BDFD-2D3731108AED}.Debug|Any CPU.Build.0 = Debug|Any CPU
		{767FD4EF-7205-4C2C-BDFD-2D3731108AED}.Release|Any CPU.ActiveCfg = Release|Any CPU
		{767FD4EF-7205-4C2C-BDFD-2D3731108AED}.Release|Any CPU.Build.0 = Release|Any CPU
	EndGlobalSection
	GlobalSection(SolutionProperties) = preSolution
		HideSolutionNode = FALSE
	EndGlobalSection
	GlobalSection(ExtensibilityGlobals) = postSolution
		SolutionGuid = {9232062D-9334-456B-ADC3-87A5BBB4DD3A}
	EndGlobalSection
EndGlobal
